
Microsoft Visual Studio Solution File, Format Version 12.00
# Visual Studio Version 17
VisualStudioVersion = 17.10.35122.118
MinimumVisualStudioVersion = 10.0.40219.1
Project("{FAE04EC0-301F-11D3-BF4B-00C04F79EFBC}") = "Halcon", "Halcon.csproj", "{FF838B3D-BA7E-4296-8139-128034B7F51F}"
EndProject
Global
	GlobalSection(SolutionConfigurationPlatforms) = preSolution
		Debug|Any CPU = Debug|Any CPU
		Release|Any CPU = Release|Any CPU
	EndGlobalSection
	GlobalSection(ProjectConfigurationPlatforms) = postSolution
		{FF838B3D-BA7E-4296-8139-128034B7F51F}.Debug|Any CPU.ActiveCfg = Debug|Any CPU
		{FF838B3D-BA7E-4296-8139-128034B7F51F}.Debug|Any CPU.Build.0 = Debug|Any CPU
		{FF838B3D-BA7E-4296-8139-128034B7F51F}.Release|Any CPU.ActiveCfg = Release|Any CPU
		{FF838B3D-BA7E-4296-8139-128034B7F51F}.Release|Any CPU.Build.0 = Release|Any CPU
	EndGlobalSection
	GlobalSection(SolutionProperties) = preSolution
		HideSolutionNode = FALSE
	EndGlobalSection
	GlobalSection(ExtensibilityGlobals) = postSolution
		SolutionGuid = {63259F56-A468-4C8B-BFE4-A99E37E37B93}
	EndGlobalSection
EndGlobal
